{
  "name": "tree-sitter-z33",
  "version": "0.7.0",
  "lockfileVersion": 3,
  "requires": true,
  "packages": {
    "": {
      "name": "tree-sitter-z33",
      "version": "0.7.0",
      "license": "MIT",
      "devDependencies": {
        "tree-sitter-cli": "^0.26.0"
      }
    },
    "node_modules/tree-sitter-cli": {
      "version": "0.26.10",
      "resolved": "https://registry.npmjs.org/tree-sitter-cli/-/tree-sitter-cli-0.26.10.tgz",
      "integrity": "sha512-RTse32x5YWOrEtH7wos8ODt3yyB7SKgmGN70jC7R+WcnDA64vrpYU98+LnwrwdXMlxgr0LGQdezZz85DN8Wv0w==",
      "dev": true,
      "hasInstallScript": true,
      "license": "MIT",
      "bin": {
        "tree-sitter": "cli.js"
      },
      "engines": {
        "node": ">=12.0.0"
      }
    }
  }
}
